// !$*UTF8*$!
{
	archiveVersion = 1;
	classes = {
	};
	objectVersion = 55;
	objects = {

/* Begin PBXBuildFile section */
		A76E6E8D2806B8CC00D68948 /* AppDelegate.swift in Sources */ = {isa = PBXBuildFile; fileRef = A76E6E8C2806B8CC00D68948 /* AppDelegate.swift */; };
		A76E6E8F2806B8CC00D68948 /* SceneDelegate.swift in Sources */ = {isa = PBXBuildFile; fileRef = A76E6E8E2806B8CC00D68948 /* SceneDelegate.swift */; };
		A76E6E912806B8CC00D68948 /* TabBarController.swift in Sources */ = {isa = PBXBuildFile; fileRef = A76E6E902806B8CC00D68948 /* TabBarController.swift */; };
		A76E6E962806B8CC00D68948 /* Assets.xcassets in Resources */ = {isa = PBXBuildFile; fileRef = A76E6E952806B8CC00D68948 /* Assets.xcassets */; };
		A76E6E992806B8CC00D68948 /* LaunchScreen.storyboard in Resources */ = {isa = PBXBuildFile; fileRef = A76E6E972806B8CC00D68948 /* LaunchScreen.storyboard */; };
		A76E6EA22806B8E700D68948 /* SnapKit in Frameworks */ = {isa = PBXBuildFile; productRef = A76E6EA12806B8E700D68948 /* SnapKit */; };
		A76E6EA52806B8F100D68948 /* Kingfisher in Frameworks */ = {isa = PBXBuildFile; productRef = A76E6EA42806B8F100D68948 /* Kingfisher */; };
		A76E6EAB2806C16E00D68948 /* TodayViewController.swift in Sources */ = {isa = PBXBuildFile; fileRef = A76E6EAA2806C16E00D68948 /* TodayViewController.swift */; };
		A76E6EAD2806C49300D68948 /* TodayCollectionViewCell.swift in Sources */ = {isa = PBXBuildFile; fileRef = A76E6EAC2806C49300D68948 /* TodayCollectionViewCell.swift */; };
		A76E6EAF280D57BD00D68948 /* TodayCollectionViewHeader.swift in Sources */ = {isa = PBXBuildFile; fileRef = A76E6EAE280D57BD00D68948 /* TodayCollectionViewHeader.swift */; };
		A76E6EB128103C2300D68948 /* AppViewController.swift in Sources */ = {isa = PBXBuildFile; fileRef = A76E6EB028103C2300D68948 /* AppViewController.swift */; };
		A76E6EB4281040D700D68948 /* FeatureSectionView.swift in Sources */ = {isa = PBXBuildFile; fileRef = A76E6EB3281040D700D68948 /* FeatureSectionView.swift */; };
		A76E6EB62810455E00D68948 /* FeatureSectionCollectionViewCell.swift in Sources */ = {isa = PBXBuildFile; fileRef = A76E6EB52810455E00D68948 /* FeatureSectionCollectionViewCell.swift */; };
		A76E6EB828104A9700D68948 /* SeparaterView.swift in Sources */ = {isa = PBXBuildFile; fileRef = A76E6EB728104A9700D68948 /* SeparaterView.swift */; };
		A76E6EBA28104CB100D68948 /* RankingFeatureSectionView.swift in Sources */ = {isa = PBXBuildFile; fileRef = A76E6EB928104CB100D68948 /* RankingFeatureSectionView.swift */; };
		A76E6EBC2810544700D68948 /* RankingFeatureCollectionViewCell.swift in Sources */ = {isa = PBXBuildFile; fileRef = A76E6EBB2810544700D68948 /* RankingFeatureCollectionViewCell.swift */; };
		A76E6EBE2810596B00D68948 /* ExchangeCodeButtonView.swift in Sources */ = {isa = PBXBuildFile; fileRef = A76E6EBD2810596B00D68948 /* ExchangeCodeButtonView.swift */; };
		A76E6EC028128B4600D68948 /* AppDetailViewController.swift in Sources */ = {isa = PBXBuildFile; fileRef = A76E6EBF28128B4600D68948 /* AppDetailViewController.swift */; };
		A76E6ECB2812930400D68948 /* Today.swift in Sources */ = {isa = PBXBuildFile; fileRef = A76E6ECA2812930400D68948 /* Today.swift */; };
		A76E6ECD2812937300D68948 /* Feature.swift in Sources */ = {isa = PBXBuildFile; fileRef = A76E6ECC2812937300D68948 /* Feature.swift */; };
		A76E6ECF281293CB00D68948 /* RankingFeature.swift in Sources */ = {isa = PBXBuildFile; fileRef = A76E6ECE281293CB00D68948 /* RankingFeature.swift */; };
		A76E6ED32812A14200D68948 /* Feature.plist in Resources */ = {isa = PBXBuildFile; fileRef = A76E6ED02812A14200D68948 /* Feature.plist */; };
		A76E6ED42812A14200D68948 /* RankingFeature.plist in Resources */ = {isa = PBXBuildFile; fileRef = A76E6ED12812A14200D68948 /* RankingFeature.plist */; };
		A76E6ED52812A14200D68948 /* Today.plist in Resources */ = {isa = PBXBuildFile; fileRef = A76E6ED22812A14200D68948 /* Today.plist */; };
/* End PBXBuildFile section */

/* Begin PBXFileReference section */
		A76E6E892806B8CC00D68948 /* AppStore.app */ = {isa = PBXFileReference; explicitFileType = wrapper.application; includeInIndex = 0; path = AppStore.app; sourceTree = BUILT_PRODUCTS_DIR; };
		A76E6E8C2806B8CC00D68948 /* AppDelegate.swift */ = {isa = PBXFileReference; lastKnownFileType = sourcecode.swift; path = AppDelegate.swift; sourceTree = "<group>"; };
		A76E6E8E2806B8CC00D68948 /* SceneDelegate.swift */ = {isa = PBXFileReference; lastKnownFileType = sourcecode.swift; path = SceneDelegate.swift; sourceTree = "<group>"; };
		A76E6E902806B8CC00D68948 /* TabBarController.swift */ = {isa = PBXFileReference; lastKnownFileType = sourcecode.swift; path = TabBarController.swift; sourceTree = "<group>"; };
		A76E6E952806B8CC00D68948 /* Assets.xcassets */ = {isa = PBXFileReference; lastKnownFileType = folder.assetcatalog; path = Assets.xcassets; sourceTree = "<group>"; };
		A76E6E982806B8CC00D68948 /* Base */ = {isa = PBXFileReference; lastKnownFileType = file.storyboard; name = Base; path = Base.lproj/LaunchScreen.storyboard; sourceTree = "<group>"; };
		A76E6E9A2806B8CC00D68948 /* Info.plist */ = {isa = PBXFileReference; lastKnownFileType = text.plist.xml; path = Info.plist; sourceTree = "<group>"; };
		A76E6EAA2806C16E00D68948 /* TodayViewController.swift */ = {isa = PBXFileReference; lastKnownFileType = sourcecode.swift; path = TodayViewController.swift; sourceTree = "<group>"; };
		A76E6EAC2806C49300D68948 /* TodayCollectionViewCell.swift */ = {isa = PBXFileReference; lastKnownFileType = sourcecode.swift; path = TodayCollectionViewCell.swift; sourceTree = "<group>"; };
		A76E6EAE280D57BD00D68948 /* TodayCollectionViewHeader.swift */ = {isa = PBXFileReference; lastKnownFileType = sourcecode.swift; path = TodayCollectionViewHeader.swift; sourceTree = "<group>"; };
		A76E6EB028103C2300D68948 /* AppViewController.swift */ = {isa = PBXFileReference; lastKnownFileType = sourcecode.swift; path = AppViewController.swift; sourceTree = "<group>"; };
		A76E6EB3281040D700D68948 /* FeatureSectionView.swift */ = {isa = PBXFileReference; lastKnownFileType = sourcecode.swift; path = FeatureSectionView.swift; sourceTree = "<group>"; };
		A76E6EB52810455E00D68948 /* FeatureSectionCollectionViewCell.swift */ = {isa = PBXFileReference; lastKnownFileType = sourcecode.swift; path = FeatureSectionCollectionViewCell.swift; sourceTree = "<group>"; };
		A76E6EB728104A9700D68948 /* SeparaterView.swift */ = {isa = PBXFileReference; lastKnownFileType = sourcecode.swift; path = SeparaterView.swift; sourceTree = "<group>"; };
		A76E6EB928104CB100D68948 /* RankingFeatureSectionView.swift */ = {isa = PBXFileReference; lastKnownFileType = sourcecode.swift; path = RankingFeatureSectionView.swift; sourceTree = "<group>"; };
		A76E6EBB2810544700D68948 /* RankingFeatureCollectionViewCell.swift */ = {isa = PBXFileReference; lastKnownFileType = sourcecode.swift; path = RankingFeatureCollectionViewCell.swift; sourceTree = "<group>"; };
		A76E6EBD2810596B00D68948 /* ExchangeCodeButtonView.swift */ = {isa = PBXFileReference; lastKnownFileType = sourcecode.swift; path = ExchangeCodeButtonView.swift; sourceTree = "<group>"; };
		A76E6EBF28128B4600D68948 /* AppDetailViewController.swift */ = {isa = PBXFileReference; lastKnownFileType = sourcecode.swift; path = AppDetailViewController.swift; sourceTree = "<group>"; };
		A76E6ECA2812930400D68948 /* Today.swift */ = {isa = PBXFileReference; lastKnownFileType = sourcecode.swift; path = Today.swift; sourceTree = "<group>"; };
		A76E6ECC2812937300D68948 /* Feature.swift */ = {isa = PBXFileReference; lastKnownFileType = sourcecode.swift; path = Feature.swift; sourceTree = "<group>"; };
		A76E6ECE281293CB00D68948 /* RankingFeature.swift */ = {isa = PBXFileReference; lastKnownFileType = sourcecode.swift; path = RankingFeature.swift; sourceTree = "<group>"; };
		A76E6ED02812A14200D68948 /* Feature.plist */ = {isa = PBXFileReference; fileEncoding = 4; lastKnownFileType = text.plist.xml; path = Feature.plist; sourceTree = "<group>"; };
		A76E6ED12812A14200D68948 /* RankingFeature.plist */ = {isa = PBXFileReference; fileEncoding = 4; lastKnownFileType = text.plist.xml; path = RankingFeature.plist; sourceTree = "<group>"; };
		A76E6ED22812A14200D68948 /* Today.plist */ = {isa = PBXFileReference; fileEncoding = 4; lastKnownFileType = text.plist.xml; path = Today.plist; sourceTree = "<group>"; };
/* End PBXFileReference section */

/* Begin PBXFrameworksBuildPhase section */
		A76E6E862806B8CC00D68948 /* Frameworks */ = {
			isa = PBXFrameworksBuildPhase;
			buildActionMask = 2147483647;
			files = (
				A76E6EA52806B8F100D68948 /* Kingfisher in Frameworks */,
				A76E6EA22806B8E700D68948 /* SnapKit in Frameworks */,
			);
			runOnlyForDeploymentPostprocessing = 0;
		};
/* End PBXFrameworksBuildPhase section */

/* Begin PBXGroup section */
		A76E6E802806B8CC00D68948 = {
			isa = PBXGroup;
			children = (
				A76E6E8B2806B8CC00D68948 /* AppStore */,
				A76E6E8A2806B8CC00D68948 /* Products */,
			);
			sourceTree = "<group>";
		};
		A76E6E8A2806B8CC00D68948 /* Products */ = {
			isa = PBXGroup;
			children = (
				A76E6E892806B8CC00D68948 /* AppStore.app */,
			);
			name = Products;
			sourceTree = "<group>";
		};
		A76E6E8B2806B8CC00D68948 /* AppStore */ = {
			isa = PBXGroup;
			children = (
				A76E6EC92812927900D68948 /* Data */,
				A76E6E8C2806B8CC00D68948 /* AppDelegate.swift */,
				A76E6E8E2806B8CC00D68948 /* SceneDelegate.swift */,
				A76E6ECA2812930400D68948 /* Today.swift */,
				A76E6ECE281293CB00D68948 /* RankingFeature.swift */,
				A76E6ECC2812937300D68948 /* Feature.swift */,
				A76E6EA82806C14F00D68948 /* Scenes */,
				A76E6E952806B8CC00D68948 /* Assets.xcassets */,
				A76E6E972806B8CC00D68948 /* LaunchScreen.storyboard */,
				A76E6E9A2806B8CC00D68948 /* Info.plist */,
			);
			path = AppStore;
			sourceTree = "<group>";
		};
		A76E6EA82806C14F00D68948 /* Scenes */ = {
			isa = PBXGroup;
			children = (
				A76E6E902806B8CC00D68948 /* TabBarController.swift */,
				A76E6EB228103C2900D68948 /* App */,
				A76E6EA92806C15A00D68948 /* Today */,
				A76E6EBF28128B4600D68948 /* AppDetailViewController.swift */,
			);
			path = Scenes;
			sourceTree = "<group>";
		};
		A76E6EA92806C15A00D68948 /* Today */ = {
			isa = PBXGroup;
			children = (
				A76E6EAA2806C16E00D68948 /* TodayViewController.swift */,
				A76E6EAC2806C49300D68948 /* TodayCollectionViewCell.swift */,
				A76E6EAE280D57BD00D68948 /* TodayCollectionViewHeader.swift */,
			);
			path = Today;
			sourceTree = "<group>";
		};
		A76E6EB228103C2900D68948 /* App */ = {
			isa = PBXGroup;
			children = (
				A76E6EB028103C2300D68948 /* AppViewController.swift */,
				A76E6EB3281040D700D68948 /* FeatureSectionView.swift */,
				A76E6EB728104A9700D68948 /* SeparaterView.swift */,
				A76E6EB52810455E00D68948 /* FeatureSectionCollectionViewCell.swift */,
				A76E6EBB2810544700D68948 /* RankingFeatureCollectionViewCell.swift */,
				A76E6EB928104CB100D68948 /* RankingFeatureSectionView.swift */,
				A76E6EBD2810596B00D68948 /* ExchangeCodeButtonView.swift */,
			);
			path = App;
			sourceTree = "<group>";
		};
		A76E6EC92812927900D68948 /* Data */ = {
			isa = PBXGroup;
			children = (
				A76E6ED02812A14200D68948 /* Feature.plist */,
				A76E6ED12812A14200D68948 /* RankingFeature.plist */,
				A76E6ED22812A14200D68948 /* Today.plist */,
			);
			path = Data;
			sourceTree = "<group>";
		};
/* End PBXGroup section */

/* Begin PBXNativeTarget section */
		A76E6E882806B8CC00D68948 /* AppStore */ = {
			isa = PBXNativeTarget;
			buildConfigurationList = A76E6E9D2806B8CC00D68948 /* Build configuration list for PBXNativeTarget "AppStore" */;
			buildPhases = (
				A76E6E852806B8CC00D68948 /* Sources */,
				A76E6E862806B8CC00D68948 /* Frameworks */,
				A76E6E872806B8CC00D68948 /* Resources */,
			);
			buildRules = (
			);
			dependencies = (
			);
			name = AppStore;
			packageProductDependencies = (
				A76E6EA12806B8E700D68948 /* SnapKit */,
				A76E6EA42806B8F100D68948 /* Kingfisher */,
			);
			productName = AppStore;
			productReference = A76E6E892806B8CC00D68948 /* AppStore.app */;
			productType = "com.apple.product-type.application";
		};
/* End PBXNativeTarget section */

/* Begin PBXProject section */
		A76E6E812806B8CC00D68948 /* Project object */ = {
			isa = PBXProject;
			attributes = {
				BuildIndependentTargetsInParallel = 1;
				LastSwiftUpdateCheck = 1320;
				LastUpgradeCheck = 1320;
				TargetAttributes = {
					A76E6E882806B8CC00D68948 = {
						CreatedOnToolsVersion = 13.2;
					};
				};
			};
			buildConfigurationList = A76E6E842806B8CC00D68948 /* Build configuration list for PBXProject "AppStore" */;
			compatibilityVersion = "Xcode 13.0";
			developmentRegion = en;
			hasScannedForEncodings = 0;
			knownRegions = (
				en,
				Base,
			);
			mainGroup = A76E6E802806B8CC00D68948;
			packageReferences = (
				A76E6EA02806B8E700D68948 /* XCRemoteSwiftPackageReference "SnapKit" */,
				A76E6EA32806B8F100D68948 /* XCRemoteSwiftPackageReference "Kingfisher" */,
			);
			productRefGroup = A76E6E8A2806B8CC00D68948 /* Products */;
			projectDirPath = "";
			projectRoot = "";
			targets = (
				A76E6E882806B8CC00D68948 /* AppStore */,
			);
		};
/* End PBXProject section */

/* Begin PBXResourcesBuildPhase section */
		A76E6E872806B8CC00D68948 /* Resources */ = {
			isa = PBXResourcesBuildPhase;
			buildActionMask = 2147483647;
			files = (
				A76E6ED42812A14200D68948 /* RankingFeature.plist in Resources */,
				A76E6ED52812A14200D68948 /* Today.plist in Resources */,
				A76E6ED32812A14200D68948 /* Feature.plist in Resources */,
				A76E6E992806B8CC00D68948 /* LaunchScreen.storyboard in Resources */,
				A76E6E962806B8CC00D68948 /* Assets.xcassets in Resources */,
			);
			runOnlyForDeploymentPostprocessing = 0;
		};
/* End PBXResourcesBuildPhase section */

/* Begin PBXSourcesBuildPhase section */
		A76E6E852806B8CC00D68948 /* Sources */ = {
			isa = PBXSourcesBuildPhase;
			buildActionMask = 2147483647;
			files = (
				A76E6EAB2806C16E00D68948 /* TodayViewController.swift in Sources */,
				A76E6ECB2812930400D68948 /* Today.swift in Sources */,
				A76E6E912806B8CC00D68948 /* TabBarController.swift in Sources */,
				A76E6EBE2810596B00D68948 /* ExchangeCodeButtonView.swift in Sources */,
				A76E6ECF281293CB00D68948 /* RankingFeature.swift in Sources */,
				A76E6ECD2812937300D68948 /* Feature.swift in Sources */,
				A76E6EB828104A9700D68948 /* SeparaterView.swift in Sources */,
				A76E6E8D2806B8CC00D68948 /* AppDelegate.swift in Sources */,
				A76E6EAF280D57BD00D68948 /* TodayCollectionViewHeader.swift in Sources */,
				A76E6EB128103C2300D68948 /* AppViewController.swift in Sources */,
				A76E6EB62810455E00D68948 /* FeatureSectionCollectionViewCell.swift in Sources */,
				A76E6E8F2806B8CC00D68948 /* SceneDelegate.swift in Sources */,
				A76E6EAD2806C49300D68948 /* TodayCollectionViewCell.swift in Sources */,
				A76E6EB4281040D700D68948 /* FeatureSectionView.swift in Sources */,
				A76E6EC028128B4600D68948 /* AppDetailViewController.swift in Sources */,
				A76E6EBC2810544700D68948 /* RankingFeatureCollectionViewCell.swift in Sources */,
				A76E6EBA28104CB100D68948 /* RankingFeatureSectionView.swift in Sources */,
			);
			runOnlyForDeploymentPostprocessing = 0;
		};
/* End PBXSourcesBuildPhase section */

/* Begin PBXVariantGroup section */
		A76E6E972806B8CC00D68948 /* LaunchScreen.storyboard */ = {
			isa = PBXVariantGroup;
			children = (
				A76E6E982806B8CC00D68948 /* Base */,
			);
			name = LaunchScreen.storyboard;
			sourceTree = "<group>";
		};
/* End PBXVariantGroup section */

/* Begin XCBuildConfiguration section */
		A76E6E9B2806B8CC00D68948 /* Debug */ = {
			isa = XCBuildConfiguration;
			buildSettings = {
				ALWAYS_SEARCH_USER_PATHS = NO;
				CLANG_ANALYZER_NONNULL = YES;
				CLANG_ANALYZER_NUMBER_OBJECT_CONVERSION = YES_AGGRESSIVE;
				CLANG_CXX_LANGUAGE_STANDARD = "gnu++17";
				CLANG_CXX_LIBRARY = "libc++";
				CLANG_ENABLE_MODULES = YES;
				CLANG_ENABLE_OBJC_ARC = YES;
				CLANG_ENABLE_OBJC_WEAK = YES;
				CLANG_WARN_BLOCK_CAPTURE_AUTORELEASING = YES;
				CLANG_WARN_BOOL_CONVERSION = YES;
				CLANG_WARN_COMMA = YES;
				CLANG_WARN_CONSTANT_CONVERSION = YES;
				CLANG_WARN_DEPRECATED_OBJC_IMPLEMENTATIONS = YES;
				CLANG_WARN_DIRECT_OBJC_ISA_USAGE = YES_ERROR;
				CLANG_WARN_DOCUMENTATION_COMMENTS = YES;
				CLANG_WARN_EMPTY_BODY = YES;
				CLANG_WARN_ENUM_CONVERSION = YES;
				CLANG_WARN_INFINITE_RECURSION = YES;
				CLANG_WARN_INT_CONVERSION = YES;
				CLANG_WARN_NON_LITERAL_NULL_CONVERSION = YES;
				CLANG_WARN_OBJC_IMPLICIT_RETAIN_SELF = YES;
				CLANG_WARN_OBJC_LITERAL_CONVERSION = YES;
				CLANG_WARN_OBJC_ROOT_CLASS = YES_ERROR;
				CLANG_WARN_QUOTED_INCLUDE_IN_FRAMEWORK_HEADER = YES;
				CLANG_WARN_RANGE_LOOP_ANALYSIS = YES;
				CLANG_WARN_STRICT_PROTOTYPES = YES;
				CLANG_WARN_SUSPICIOUS_MOVE = YES;
				CLANG_WARN_UNGUARDED_AVAILABILITY = YES_AGGRESSIVE;
				CLANG_WARN_UNREACHABLE_CODE = YES;
				CLANG_WARN__DUPLICATE_METHOD_MATCH = YES;
				COPY_PHASE_STRIP = NO;
				DEBUG_INFORMATION_FORMAT = dwarf;
				ENABLE_STRICT_OBJC_MSGSEND = YES;
				ENABLE_TESTABILITY = YES;
				GCC_C_LANGUAGE_STANDARD = gnu11;
				GCC_DYNAMIC_NO_PIC = NO;
				GCC_NO_COMMON_BLOCKS = YES;
				GCC_OPTIMIZATION_LEVEL = 0;
				GCC_PREPROCESSOR_DEFINITIONS = (
					"DEBUG=1",
					"$(inherited)",
				);
				GCC_WARN_64_TO_32_BIT_CONVERSION = YES;
				GCC_WARN_ABOUT_RETURN_TYPE = YES_ERROR;
				GCC_WARN_UNDECLARED_SELECTOR = YES;
				GCC_WARN_UNINITIALIZED_AUTOS = YES_AGGRESSIVE;
				GCC_WARN_UNUSED_FUNCTION = YES;
				GCC_WARN_UNUSED_VARIABLE = YES;
				IPHONEOS_DEPLOYMENT_TARGET = 15.2;
				MTL_ENABLE_DEBUG_INFO = INCLUDE_SOURCE;
				MTL_FAST_MATH = YES;
				ONLY_ACTIVE_ARCH = YES;
				SDKROOT = iphoneos;
				SWIFT_ACTIVE_COMPILATION_CONDITIONS = DEBUG;
				SWIFT_OPTIMIZATION_LEVEL = "-Onone";
			};
			name = Debug;
		};
		A76E6E9C2806B8CC00D68948 /* Release */ = {
			isa = XCBuildConfiguration;
			buildSettings = {
				ALWAYS_SEARCH_USER_PATHS = NO;
				CLANG_ANALYZER_NONNULL = YES;
				CLANG_ANALYZER_NUMBER_OBJECT_CONVERSION = YES_AGGRESSIVE;
				CLANG_CXX_LANGUAGE_STANDARD = "gnu++17";
				CLANG_CXX_LIBRARY = "libc++";
				CLANG_ENABLE_MODULES = YES;
				CLANG_ENABLE_OBJC_ARC = YES;
				CLANG_ENABLE_OBJC_WEAK = YES;
				CLANG_WARN_BLOCK_CAPTURE_AUTORELEASING = YES;
				CLANG_WARN_BOOL_CONVERSION = YES;
				CLANG_WARN_COMMA = YES;
				CLANG_WARN_CONSTANT_CONVERSION = YES;
				CLANG_WARN_DEPRECATED_OBJC_IMPLEMENTATIONS = YES;
				CLANG_WARN_DIRECT_OBJC_ISA_USAGE = YES_ERROR;
				CLANG_WARN_DOCUMENTATION_COMMENTS = YES;
				CLANG_WARN_EMPTY_BODY = YES;
				CLANG_WARN_ENUM_CONVERSION = YES;
				CLANG_WARN_INFINITE_RECURSION = YES;
				CLANG_WARN_INT_CONVERSION = YES;
				CLANG_WARN_NON_LITERAL_NULL_CONVERSION = YES;
				CLANG_WARN_OBJC_IMPLICIT_RETAIN_SELF = YES;
				CLANG_WARN_OBJC_LITERAL_CONVERSION = YES;
				CLANG_WARN_OBJC_ROOT_CLASS = YES_ERROR;
				CLANG_WARN_QUOTED_INCLUDE_IN_FRAMEWORK_HEADER = YES;
				CLANG_WARN_RANGE_LOOP_ANALYSIS = YES;
				CLANG_WARN_STRICT_PROTOTYPES = YES;
				CLANG_WARN_SUSPICIOUS_MOVE = YES;
				CLANG_WARN_UNGUARDED_AVAILABILITY = YES_AGGRESSIVE;
				CLANG_WARN_UNREACHABLE_CODE = YES;
				CLANG_WARN__DUPLICATE_METHOD_MATCH = YES;
				COPY_PHASE_STRIP = NO;
				DEBUG_INFORMATION_FORMAT = "dwarf-with-dsym";
				ENABLE_NS_ASSERTIONS = NO;
				ENABLE_STRICT_OBJC_MSGSEND = YES;
				GCC_C_LANGUAGE_STANDARD = gnu11;
				GCC_NO_COMMON_BLOCKS = YES;
				GCC_WARN_64_TO_32_BIT_CONVERSION = YES;
				GCC_WARN_ABOUT_RETURN_TYPE = YES_ERROR;
				GCC_WARN_UNDECLARED_SELECTOR = YES;
				GCC_WARN_UNINITIALIZED_AUTOS = YES_AGGRESSIVE;
				GCC_WARN_UNUSED_FUNCTION = YES;
				GCC_WARN_UNUSED_VARIABLE = YES;
				IPHONEOS_DEPLOYMENT_TARGET = 15.2;
				MTL_ENABLE_DEBUG_INFO = NO;
				MTL_FAST_MATH = YES;
				SDKROOT = iphoneos;
				SWIFT_COMPILATION_MODE = wholemodule;
				SWIFT_OPTIMIZATION_LEVEL = "-O";
				VALIDATE_PRODUCT = YES;
			};
			name = Release;
		};
		A76E6E9E2806B8CC00D68948 /* Debug */ = {
			isa = XCBuildConfiguration;
			buildSettings = {
				ASSETCATALOG_COMPILER_APPICON_NAME = AppIcon;
				ASSETCATALOG_COMPILER_GLOBAL_ACCENT_COLOR_NAME = AccentColor;
				CODE_SIGN_STYLE = Automatic;
				CURRENT_PROJECT_VERSION = 1;
				DEVELOPMENT_TEAM = KP3Q74P96R;
				GENERATE_INFOPLIST_FILE = YES;
				INFOPLIST_FILE = AppStore/Info.plist;
				INFOPLIST_KEY_UIApplicationSupportsIndirectInputEvents = YES;
				INFOPLIST_KEY_UILaunchStoryboardName = LaunchScreen;
				INFOPLIST_KEY_UISupportedInterfaceOrientations_iPad = "UIInterfaceOrientationPortrait UIInterfaceOrientationPortraitUpsideDown UIInterfaceOrientationLandscapeLeft UIInterfaceOrientationLandscapeRight";
				INFOPLIST_KEY_UISupportedInterfaceOrientations_iPhone = "UIInterfaceOrientationPortrait UIInterfaceOrientationLandscapeLeft UIInterfaceOrientationLandscapeRight";
				LD_RUNPATH_SEARCH_PATHS = (
					"$(inherited)",
					"@executable_path/Frameworks",
				);
				MARKETING_VERSION = 1.0;
				PRODUCT_BUNDLE_IDENTIFIER = com.junghun.AppStore;
				PRODUCT_NAME = "$(TARGET_NAME)";
				SWIFT_EMIT_LOC_STRINGS = YES;
				SWIFT_VERSION = 5.0;
				TARGETED_DEVICE_FAMILY = "1,2";
			};
			name = Debug;
		};
		A76E6E9F2806B8CC00D68948 /* Release */ = {
			isa = XCBuildConfiguration;
			buildSettings = {
				ASSETCATALOG_COMPILER_APPICON_NAME = AppIcon;
				ASSETCATALOG_COMPILER_GLOBAL_ACCENT_COLOR_NAME = AccentColor;
				CODE_SIGN_STYLE = Automatic;
				CURRENT_PROJECT_VERSION = 1;
				DEVELOPMENT_TEAM = KP3Q74P96R;
				GENERATE_INFOPLIST_FILE = YES;
				INFOPLIST_FILE = AppStore/Info.plist;
				INFOPLIST_KEY_UIApplicationSupportsIndirectInputEvents = YES;
				INFOPLIST_KEY_UILaunchStoryboardName = LaunchScreen;
				INFOPLIST_KEY_UISupportedInterfaceOrientations_iPad = "UIInterfaceOrientationPortrait UIInterfaceOrientationPortraitUpsideDown UIInterfaceOrientationLandscapeLeft UIInterfaceOrientationLandscapeRight";
				INFOPLIST_KEY_UISupportedInterfaceOrientations_iPhone = "UIInterfaceOrientationPortrait UIInterfaceOrientationLandscapeLeft UIInterfaceOrientationLandscapeRight";
				LD_RUNPATH_SEARCH_PATHS = (
					"$(inherited)",
					"@executable_path/Frameworks",
				);
				MARKETING_VERSION = 1.0;
				PRODUCT_BUNDLE_IDENTIFIER = com.junghun.AppStore;
				PRODUCT_NAME = "$(TARGET_NAME)";
				SWIFT_EMIT_LOC_STRINGS = YES;
				SWIFT_VERSION = 5.0;
				TARGETED_DEVICE_FAMILY = "1,2";
			};
			name = Release;
		};
/* End XCBuildConfiguration section */

/* Begin XCConfigurationList section */
		A76E6E842806B8CC00D68948 /* Build configuration list for PBXProject "AppStore" */ = {
			isa = XCConfigurationList;
			buildConfigurations = (
				A76E6E9B2806B8CC00D68948 /* Debug */,
				A76E6E9C2806B8CC00D68948 /* Release */,
			);
			defaultConfigurationIsVisible = 0;
			defaultConfigurationName = Release;
		};
		A76E6E9D2806B8CC00D68948 /* Build configuration list for PBXNativeTarget "AppStore" */ = {
			isa = XCConfigurationList;
			buildConfigurations = (
				A76E6E9E2806B8CC00D68948 /* Debug */,
				A76E6E9F2806B8CC00D68948 /* Release */,
			);
			defaultConfigurationIsVisible = 0;
			defaultConfigurationName = Release;
		};
/* End XCConfigurationList section */

/* Begin XCRemoteSwiftPackageReference section */
		A76E6EA02806B8E700D68948 /* XCRemoteSwiftPackageReference "SnapKit" */ = {
			isa = XCRemoteSwiftPackageReference;
			repositoryURL = "https://github.com/SnapKit/SnapKit.git";
			requirement = {
				branch = develop;
				kind = branch;
			};
		};
		A76E6EA32806B8F100D68948 /* XCRemoteSwiftPackageReference "Kingfisher" */ = {
			isa = XCRemoteSwiftPackageReference;
			repositoryURL = "https://github.com/onevcat/Kingfisher.git";
			requirement = {
				branch = master;
				kind = branch;
			};
		};
/* End XCRemoteSwiftPackageReference section */

/* Begin XCSwiftPackageProductDependency section */
		A76E6EA12806B8E700D68948 /* SnapKit */ = {
			isa = XCSwiftPackageProductDependency;
			package = A76E6EA02806B8E700D68948 /* XCRemoteSwiftPackageReference "SnapKit" */;
			productName = SnapKit;
		};
		A76E6EA42806B8F100D68948 /* Kingfisher */ = {
			isa = XCSwiftPackageProductDependency;
			package = A76E6EA32806B8F100D68948 /* XCRemoteSwiftPackageReference "Kingfisher" */;
			productName = Kingfisher;
		};
/* End XCSwiftPackageProductDependency section */
	};
	rootObject = A76E6E812806B8CC00D68948 /* Project object */;
}
